
Microsoft Visual Studio Solution File, Format Version 12.00
# Visual Studio Version 17
VisualStudioVersion = 17.4.33213.308
MinimumVisualStudioVersion = 10.0.40219.1
Project("{FAE04EC0-301F-11D3-BF4B-00C04F79EFBC}") = "WindowsFormsApp1", "WindowsFormsApp1\WindowsFormsApp1.csproj", "{19F8EEAC-AA60-4E53-89B1-C959A52E79B5}"
EndProject
Global
	GlobalSection(SolutionConfigurationPlatforms) = preSolution
		Debug|Any CPU = Debug|Any CPU
		Release|Any CPU = Release|Any CPU
	EndGlobalSection
	GlobalSection(ProjectConfigurationPlatforms) = postSolution
		{19F8EEAC-AA60-4E53-89B1-C959A52E79B5}.Debug|Any CPU.ActiveCfg = Debug|Any CPU
		{19F8EEAC-AA60-4E53-89B1-C959A52E79B5}.Debug|Any CPU.Build.0 = Debug|Any CPU
		{19F8EEAC-AA60-4E53-89B1-C959A52E79B5}.Release|Any CPU.ActiveCfg = Release|Any CPU
		{19F8EEAC-AA60-4E53-89B1-C959A52E79B5}.Release|Any CPU.Build.0 = Release|Any CPU
	EndGlobalSection
	GlobalSection(SolutionProperties) = preSolution
		HideSolutionNode = FALSE
	EndGlobalSection
	GlobalSection(ExtensibilityGlobals) = postSolution
		SolutionGuid = {D86092BE-0548-43ED-BD88-BC8A329CAB66}
	EndGlobalSection
EndGlobal
